{"x86_64-linux": {"stable": {"sha256": "e9f1da88f05cbfb4d0561f936ad20461767f2f03e69c2994fd059728581447b5", "final_url": "https://dl.discordapp.net/apps/linux/0.0.27/discord-0.0.27.tar.gz", "_bpk_last_update": 1686637163}, "ptb": {"sha256": "64033202ac8510125e4d4a90cebe702be04e146511aa1a072fcc36849bcbd2f2", "final_url": "https://dl-ptb.discordapp.net/apps/linux/0.0.42/discord-ptb-0.0.42.tar.gz", "_bpk_last_update": 1686637164}, "canary": {"sha256": "ae17e9d3baa88d20c9a106b2c84c33ba71d63ac5c84774b8daf378eb7e4a1832", "final_url": "https://dl-canary.discordapp.net/apps/linux/0.0.159/discord-canary-0.0.159.tar.gz", "_bpk_last_update": 1686637164}}, "x86_64-darwin": {"stable": {"sha256": "3e267273d9762462ff121fdb87aeedb64ae67f4c53ff0493a71a05c6a3234414", "final_url": "https://dl.discordapp.net/apps/osx/0.0.275/Discord.dmg", "_bpk_last_update": 1686637164}, "ptb": {"sha256": "5723eddd177805475aac4c552ceb3bfac1196ea3b2c5fce0d8e36a676ffd341b", "final_url": "https://dl-ptb.discordapp.net/apps/osx/0.0.73/DiscordPTB.dmg", "_bpk_last_update": 1686637164}, "canary": {"sha256": "8fc0e2f85997ab81b714b1e85ecec01c2143d98a620507d6b7e3a4e3bc229427", "final_url": "https://dl-canary.discordapp.net/apps/osx/0.0.304/DiscordCanary.dmg", "_bpk_last_update": 1686637164}}, "aarch64-darwin": {"ptb": {"sha256": "5723eddd177805475aac4c552ceb3bfac1196ea3b2c5fce0d8e36a676ffd341b", "final_url": "https://dl-ptb.discordapp.net/apps/osx/0.0.73/DiscordPTB.dmg", "_bpk_last_update": 1686637164}}}