{"x86_64-linux": {"stable": {"sha256": "581726cbd7f018fab756cd7eee520e47b3a25bf7749193482a9e10e4d458042c", "final_url": "https://dl.discordapp.net/apps/linux/0.0.25/discord-0.0.25.tar.gz", "_bpk_last_update": 1680157268}, "ptb": {"sha256": "0218995e09171bf96ba06ed702072f27baf93d2bf330585a9acc41d5c5c939a9", "final_url": "https://dl-ptb.discordapp.net/apps/linux/0.0.41/discord-ptb-0.0.41.tar.gz", "_bpk_last_update": 1680157269}, "canary": {"sha256": "f21b83a75bb4b7dfe465b781edb3ea414c3cf8743aac8cb3298515374da041fa", "final_url": "https://dl-canary.discordapp.net/apps/linux/0.0.150/discord-canary-0.0.150.tar.gz", "_bpk_last_update": 1680157269}}, "x86_64-darwin": {"stable": {"sha256": "54794fbf4b29c9a56f6e8a736ff5445c75a1fd3cf49dce7b4d7aa6ff067ae2ef", "final_url": "https://dl.discordapp.net/apps/osx/0.0.273/Discord.dmg", "_bpk_last_update": 1680157269}, "ptb": {"sha256": "e2862510ab20eed08d374dcdc220507f7116db376310f33a67a7aa4c9204602b", "final_url": "https://dl-ptb.discordapp.net/apps/osx/0.0.72/DiscordPTB.dmg", "_bpk_last_update": 1680157269}, "canary": {"sha256": "e63f2425911698eb6eeb8388ce7adbfef095fbd0a97b26d6abf41ca38cbf390b", "final_url": "https://dl-canary.discordapp.net/apps/osx/0.0.295/DiscordCanary.dmg", "_bpk_last_update": 1680157269}}, "aarch64-darwin": {"ptb": {"sha256": "e2862510ab20eed08d374dcdc220507f7116db376310f33a67a7aa4c9204602b", "final_url": "https://dl-ptb.discordapp.net/apps/osx/0.0.72/DiscordPTB.dmg", "_bpk_last_update": 1680157269}}}