{"x86_64-linux": {"stable": {"sha256": "30f74dc59241988378346128616bcbd9c98d9b7eff613dbbe66d9b5561d76f06", "final_url": "https://dl.discordapp.net/apps/linux/0.0.26/discord-0.0.26.tar.gz", "_bpk_last_update": 1682403599}, "ptb": {"sha256": "64033202ac8510125e4d4a90cebe702be04e146511aa1a072fcc36849bcbd2f2", "final_url": "https://dl-ptb.discordapp.net/apps/linux/0.0.42/discord-ptb-0.0.42.tar.gz", "_bpk_last_update": 1682403599}, "canary": {"sha256": "64dfa5106b526a3818b323281919b24d90a95065666fd2ca815bfcf4d0389bb5", "final_url": "https://dl-canary.discordapp.net/apps/linux/0.0.151/discord-canary-0.0.151.tar.gz", "_bpk_last_update": 1682403599}}, "x86_64-darwin": {"stable": {"sha256": "04e95b9397af6cc62b85e77758517b9b45e6441bd4e33301a730ad270136d7c2", "final_url": "https://dl.discordapp.net/apps/osx/0.0.274/Discord.dmg", "_bpk_last_update": 1682403599}, "ptb": {"sha256": "5723eddd177805475aac4c552ceb3bfac1196ea3b2c5fce0d8e36a676ffd341b", "final_url": "https://dl-ptb.discordapp.net/apps/osx/0.0.73/DiscordPTB.dmg", "_bpk_last_update": 1682403600}, "canary": {"sha256": "88f009ab4c9434dc6aeffa0a6d46198aa10ee1ecb863d171b8c668d3ed5e85ea", "final_url": "https://dl-canary.discordapp.net/apps/osx/0.0.296/DiscordCanary.dmg", "_bpk_last_update": 1682403601}}, "aarch64-darwin": {"ptb": {"sha256": "5723eddd177805475aac4c552ceb3bfac1196ea3b2c5fce0d8e36a676ffd341b", "final_url": "https://dl-ptb.discordapp.net/apps/osx/0.0.73/DiscordPTB.dmg", "_bpk_last_update": 1682403602}}}