{"default_branch": "main", "github_commit": "9976b4d429e4d2fd9fe232fa18eaa7fc87cd0fee", "sha256": "96b00b287d406fb865e66603342d166aa07efe4c3575d20eb59f020f30115ec6", "final_url": "https://codeload.github.com/biglinux/bigbashview/tar.gz/9976b4d429e4d2fd9fe232fa18eaa7fc87cd0fee", "file_type": "tar.gz"}