{"default_branch": "main", "github_commit": "4c5acda4aa7ee0530e4e9c8cace0e1139cd34fe5", "sha256": "4b36d3ef3b27d9530fa897eae0f78a34dc6800a522c3bc84474d0c85a48db91b", "final_url": "https://codeload.github.com/biglinux/bigbashview/tar.gz/4c5acda4aa7ee0530e4e9c8cace0e1139cd34fe5", "file_type": "tar.gz"}