{"default_branch": "main", "github_commit": "535af4159a9304aeecab561b27b3f1e1446ec02d", "sha256": "92572b81aa8782e74777e24495c5be9dd1a53e37e74406c4e7ad2e190b6c03ad", "final_url": "https://codeload.github.com/biglinux/bigbashview/tar.gz/535af4159a9304aeecab561b27b3f1e1446ec02d", "file_type": "tar.gz"}